
Microsoft Visual Studio Solution File, Format Version 12.00
# Visual Studio 15
VisualStudioVersion = 15.0.26403.7
MinimumVisualStudioVersion = 10.0.40219.1
Project("{FAE04EC0-301F-11D3-BF4B-00C04F79EFBC}") = "Gsof.Hls", "Gsof.Hls\Gsof.Hls.csproj", "{BDEB8589-BAF4-427B-8F27-6A3520D33ED0}"
EndProject
Project("{FAE04EC0-301F-11D3-BF4B-00C04F79EFBC}") = "Gsof.Hls.M3u8", "Gsof.Hls.M3u8\Gsof.Hls.M3u8.csproj", "{AC595CE7-3EA9-4441-A728-1B027E986E37}"
EndProject
Global
	GlobalSection(SolutionConfigurationPlatforms) = preSolution
		Debug|Any CPU = Debug|Any CPU
		Release|Any CPU = Release|Any CPU
	EndGlobalSection
	GlobalSection(ProjectConfigurationPlatforms) = postSolution
		{BDEB8589-BAF4-427B-8F27-6A3520D33ED0}.Debug|Any CPU.ActiveCfg = Debug|Any CPU
		{BDEB8589-BAF4-427B-8F27-6A3520D33ED0}.Debug|Any CPU.Build.0 = Debug|Any CPU
		{BDEB8589-BAF4-427B-8F27-6A3520D33ED0}.Release|Any CPU.ActiveCfg = Release|Any CPU
		{BDEB8589-BAF4-427B-8F27-6A3520D33ED0}.Release|Any CPU.Build.0 = Release|Any CPU
		{AC595CE7-3EA9-4441-A728-1B027E986E37}.Debug|Any CPU.ActiveCfg = Debug|Any CPU
		{AC595CE7-3EA9-4441-A728-1B027E986E37}.Debug|Any CPU.Build.0 = Debug|Any CPU
		{AC595CE7-3EA9-4441-A728-1B027E986E37}.Release|Any CPU.ActiveCfg = Release|Any CPU
		{AC595CE7-3EA9-4441-A728-1B027E986E37}.Release|Any CPU.Build.0 = Release|Any CPU
	EndGlobalSection
	GlobalSection(SolutionProperties) = preSolution
		HideSolutionNode = FALSE
	EndGlobalSection
EndGlobal
